// !$*UTF8*$!
{
	archiveVersion = 1;
	classes = {
	};
	objectVersion = 77;
	objects = {

/* Begin PBXContainerItemProxy section */
		AFB821C52D5E1CCE000C6ECC /* PBXContainerItemProxy */ = {
			isa = PBXContainerItemProxy;
			containerPortal = AFB821A72D5E1CC5000C6ECC /* Project object */;
			proxyType = 1;
			remoteGlobalIDString = AFB821AE2D5E1CC5000C6ECC;
			remoteInfo = PetTracker;
		};
		AFB821CF2D5E1CCE000C6ECC /* PBXContainerItemProxy */ = {
			isa = PBXContainerItemProxy;
			containerPortal = AFB821A72D5E1CC5000C6ECC /* Project object */;
			proxyType = 1;
			remoteGlobalIDString = AFB821AE2D5E1CC5000C6ECC;
			remoteInfo = PetTracker;
		};
/* End PBXContainerItemProxy section */

/* Begin PBXFileReference section */
		AFB821AF2D5E1CC5000C6ECC /* PetTracker.app */ = {isa = PBXFileReference; explicitFileType = wrapper.application; includeInIndex = 0; path = PetTracker.app; sourceTree = BUILT_PRODUCTS_DIR; };
		AFB821C42D5E1CCE000C6ECC /* PetTrackerTests.xctest */ = {isa = PBXFileReference; explicitFileType = wrapper.cfbundle; includeInIndex = 0; path = PetTrackerTests.xctest; sourceTree = BUILT_PRODUCTS_DIR; };
		AFB821CE2D5E1CCE000C6ECC /* PetTrackerUITests.xctest */ = {isa = PBXFileReference; explicitFileType = wrapper.cfbundle; includeInIndex = 0; path = PetTrackerUITests.xctest; sourceTree = BUILT_PRODUCTS_DIR; };
/* End PBXFileReference section */

/* Begin PBXFileSystemSynchronizedRootGroup section */
		AFB821B12D5E1CC5000C6ECC /* PetTracker */ = {
			isa = PBXFileSystemSynchronizedRootGroup;
			path = PetTracker;
			sourceTree = "<group>";
		};
		AFB821C72D5E1CCE000C6ECC /* PetTrackerTests */ = {
			isa = PBXFileSystemSynchronizedRootGroup;
			path = PetTrackerTests;
			sourceTree = "<group>";
		};
		AFB821D12D5E1CCE000C6ECC /* PetTrackerUITests */ = {
			isa = PBXFileSystemSynchronizedRootGroup;
			path = PetTrackerUITests;
			sourceTree = "<group>";
		};
/* End PBXFileSystemSynchronizedRootGroup section */

/* Begin PBXFrameworksBuildPhase section */
		AFB821AC2D5E1CC5000C6ECC /* Frameworks */ = {
			isa = PBXFrameworksBuildPhase;
			buildActionMask = 2147483647;
			files = (
			);
			runOnlyForDeploymentPostprocessing = 0;
		};
		AFB821C12D5E1CCE000C6ECC /* Frameworks */ = {
			isa = PBXFrameworksBuildPhase;
			buildActionMask = 2147483647;
			files = (
			);
			runOnlyForDeploymentPostprocessing = 0;
		};
		AFB821CB2D5E1CCE000C6ECC /* Frameworks */ = {
			isa = PBXFrameworksBuildPhase;
			buildActionMask = 2147483647;
			files = (
			);
			runOnlyForDeploymentPostprocessing = 0;
		};
/* End PBXFrameworksBuildPhase section */

/* Begin PBXGroup section */
		AFB821A62D5E1CC4000C6ECC = {
			isa = PBXGroup;
			children = (
				AFB821B12D5E1CC5000C6ECC /* PetTracker */,
				AFB821C72D5E1CCE000C6ECC /* PetTrackerTests */,
				AFB821D12D5E1CCE000C6ECC /* PetTrackerUITests */,
				AFB821B02D5E1CC5000C6ECC /* Products */,
			);
			sourceTree = "<group>";
		};
		AFB821B02D5E1CC5000C6ECC /* Products */ = {
			isa = PBXGroup;
			children = (
				AFB821AF2D5E1CC5000C6ECC /* PetTracker.app */,
				AFB821C42D5E1CCE000C6ECC /* PetTrackerTests.xctest */,
				AFB821CE2D5E1CCE000C6ECC /* PetTrackerUITests.xctest */,
			);
			name = Products;
			sourceTree = "<group>";
		};
/* End PBXGroup section */

/* Begin PBXNativeTarget section */
		AFB821AE2D5E1CC5000C6ECC /* PetTracker */ = {
			isa = PBXNativeTarget;
			buildConfigurationList = AFB821D82D5E1CCE000C6ECC /* Build configuration list for PBXNativeTarget "PetTracker" */;
			buildPhases = (
				AFB821AB2D5E1CC5000C6ECC /* Sources */,
				AFB821AC2D5E1CC5000C6ECC /* Frameworks */,
				AFB821AD2D5E1CC5000C6ECC /* Resources */,
			);
			buildRules = (
			);
			dependencies = (
			);
			fileSystemSynchronizedGroups = (
				AFB821B12D5E1CC5000C6ECC /* PetTracker */,
			);
			name = PetTracker;
			packageProductDependencies = (
			);
			productName = PetTracker;
			productReference = AFB821AF2D5E1CC5000C6ECC /* PetTracker.app */;
			productType = "com.apple.product-type.application";
		};
		AFB821C32D5E1CCE000C6ECC /* PetTrackerTests */ = {
			isa = PBXNativeTarget;
			buildConfigurationList = AFB821DB2D5E1CCE000C6ECC /* Build configuration list for PBXNativeTarget "PetTrackerTests" */;
			buildPhases = (
				AFB821C02D5E1CCE000C6ECC /* Sources */,
				AFB821C12D5E1CCE000C6ECC /* Frameworks */,
				AFB821C22D5E1CCE000C6ECC /* Resources */,
			);
			buildRules = (
			);
			dependencies = (
				AFB821C62D5E1CCE000C6ECC /* PBXTargetDependency */,
			);
			fileSystemSynchronizedGroups = (
				AFB821C72D5E1CCE000C6ECC /* PetTrackerTests */,
			);
			name = PetTrackerTests;
			packageProductDependencies = (
			);
			productName = PetTrackerTests;
			productReference = AFB821C42D5E1CCE000C6ECC /* PetTrackerTests.xctest */;
			productType = "com.apple.product-type.bundle.unit-test";
		};
		AFB821CD2D5E1CCE000C6ECC /* PetTrackerUITests */ = {
			isa = PBXNativeTarget;
			buildConfigurationList = AFB821DE2D5E1CCE000C6ECC /* Build configuration list for PBXNativeTarget "PetTrackerUITests" */;
			buildPhases = (
				AFB821CA2D5E1CCE000C6ECC /* Sources */,
				AFB821CB2D5E1CCE000C6ECC /* Frameworks */,
				AFB821CC2D5E1CCE000C6ECC /* Resources */,
			);
			buildRules = (
			);
			dependencies = (
				AFB821D02D5E1CCE000C6ECC /* PBXTargetDependency */,
			);
			fileSystemSynchronizedGroups = (
				AFB821D12D5E1CCE000C6ECC /* PetTrackerUITests */,
			);
			name = PetTrackerUITests;
			packageProductDependencies = (
			);
			productName = PetTrackerUITests;
			productReference = AFB821CE2D5E1CCE000C6ECC /* PetTrackerUITests.xctest */;
			productType = "com.apple.product-type.bundle.ui-testing";
		};
/* End PBXNativeTarget section */

/* Begin PBXProject section */
		AFB821A72D5E1CC5000C6ECC /* Project object */ = {
			isa = PBXProject;
			attributes = {
				BuildIndependentTargetsInParallel = 1;
				LastSwiftUpdateCheck = 1610;
				LastUpgradeCheck = 1610;
				TargetAttributes = {
					AFB821AE2D5E1CC5000C6ECC = {
						CreatedOnToolsVersion = 16.1;
					};
					AFB821C32D5E1CCE000C6ECC = {
						CreatedOnToolsVersion = 16.1;
						TestTargetID = AFB821AE2D5E1CC5000C6ECC;
					};
					AFB821CD2D5E1CCE000C6ECC = {
						CreatedOnToolsVersion = 16.1;
						TestTargetID = AFB821AE2D5E1CC5000C6ECC;
					};
				};
			};
			buildConfigurationList = AFB821AA2D5E1CC5000C6ECC /* Build configuration list for PBXProject "PetTracker" */;
			developmentRegion = en;
			hasScannedForEncodings = 0;
			knownRegions = (
				en,
				Base,
			);
			mainGroup = AFB821A62D5E1CC4000C6ECC;
			minimizedProjectReferenceProxies = 1;
			preferredProjectObjectVersion = 77;
			productRefGroup = AFB821B02D5E1CC5000C6ECC /* Products */;
			projectDirPath = "";
			projectRoot = "";
			targets = (
				AFB821AE2D5E1CC5000C6ECC /* PetTracker */,
				AFB821C32D5E1CCE000C6ECC /* PetTrackerTests */,
				AFB821CD2D5E1CCE000C6ECC /* PetTrackerUITests */,
			);
		};
/* End PBXProject section */

/* Begin PBXResourcesBuildPhase section */
		AFB821AD2D5E1CC5000C6ECC /* Resources */ = {
			isa = PBXResourcesBuildPhase;
			buildActionMask = 2147483647;
			files = (
			);
			runOnlyForDeploymentPostprocessing = 0;
		};
		AFB821C22D5E1CCE000C6ECC /* Resources */ = {
			isa = PBXResourcesBuildPhase;
			buildActionMask = 2147483647;
			files = (
			);
			runOnlyForDeploymentPostprocessing = 0;
		};
		AFB821CC2D5E1CCE000C6ECC /* Resources */ = {
			isa = PBXResourcesBuildPhase;
			buildActionMask = 2147483647;
			files = (
			);
			runOnlyForDeploymentPostprocessing = 0;
		};
/* End PBXResourcesBuildPhase section */

/* Begin PBXSourcesBuildPhase section */
		AFB821AB2D5E1CC5000C6ECC /* Sources */ = {
			isa = PBXSourcesBuildPhase;
			buildActionMask = 2147483647;
			files = (
			);
			runOnlyForDeploymentPostprocessing = 0;
		};
		AFB821C02D5E1CCE000C6ECC /* Sources */ = {
			isa = PBXSourcesBuildPhase;
			buildActionMask = 2147483647;
			files = (
			);
			runOnlyForDeploymentPostprocessing = 0;
		};
		AFB821CA2D5E1CCE000C6ECC /* Sources */ = {
			isa = PBXSourcesBuildPhase;
			buildActionMask = 2147483647;
			files = (
			);
			runOnlyForDeploymentPostprocessing = 0;
		};
/* End PBXSourcesBuildPhase section */

/* Begin PBXTargetDependency section */
		AFB821C62D5E1CCE000C6ECC /* PBXTargetDependency */ = {
			isa = PBXTargetDependency;
			target = AFB821AE2D5E1CC5000C6ECC /* PetTracker */;
			targetProxy = AFB821C52D5E1CCE000C6ECC /* PBXContainerItemProxy */;
		};
		AFB821D02D5E1CCE000C6ECC /* PBXTargetDependency */ = {
			isa = PBXTargetDependency;
			target = AFB821AE2D5E1CC5000C6ECC /* PetTracker */;
			targetProxy = AFB821CF2D5E1CCE000C6ECC /* PBXContainerItemProxy */;
		};
/* End PBXTargetDependency section */

/* Begin XCBuildConfiguration section */
		AFB821D62D5E1CCE000C6ECC /* Debug */ = {
			isa = XCBuildConfiguration;
			buildSettings = {
				ALWAYS_SEARCH_USER_PATHS = NO;
				ASSETCATALOG_COMPILER_GENERATE_SWIFT_ASSET_SYMBOL_EXTENSIONS = YES;
				CLANG_ANALYZER_NONNULL = YES;
				CLANG_ANALYZER_NUMBER_OBJECT_CONVERSION = YES_AGGRESSIVE;
				CLANG_CXX_LANGUAGE_STANDARD = "gnu++20";
				CLANG_ENABLE_MODULES = YES;
				CLANG_ENABLE_OBJC_ARC = YES;
				CLANG_ENABLE_OBJC_WEAK = YES;
				CLANG_WARN_BLOCK_CAPTURE_AUTORELEASING = YES;
				CLANG_WARN_BOOL_CONVERSION = YES;
				CLANG_WARN_COMMA = YES;
				CLANG_WARN_CONSTANT_CONVERSION = YES;
				CLANG_WARN_DEPRECATED_OBJC_IMPLEMENTATIONS = YES;
				CLANG_WARN_DIRECT_OBJC_ISA_USAGE = YES_ERROR;
				CLANG_WARN_DOCUMENTATION_COMMENTS = YES;
				CLANG_WARN_EMPTY_BODY = YES;
				CLANG_WARN_ENUM_CONVERSION = YES;
				CLANG_WARN_INFINITE_RECURSION = YES;
				CLANG_WARN_INT_CONVERSION = YES;
				CLANG_WARN_NON_LITERAL_NULL_CONVERSION = YES;
				CLANG_WARN_OBJC_IMPLICIT_RETAIN_SELF = YES;
				CLANG_WARN_OBJC_LITERAL_CONVERSION = YES;
				CLANG_WARN_OBJC_ROOT_CLASS = YES_ERROR;
				CLANG_WARN_QUOTED_INCLUDE_IN_FRAMEWORK_HEADER = YES;
				CLANG_WARN_RANGE_LOOP_ANALYSIS = YES;
				CLANG_WARN_STRICT_PROTOTYPES = YES;
				CLANG_WARN_SUSPICIOUS_MOVE = YES;
				CLANG_WARN_UNGUARDED_AVAILABILITY = YES_AGGRESSIVE;
				CLANG_WARN_UNREACHABLE_CODE = YES;
				CLANG_WARN__DUPLICATE_METHOD_MATCH = YES;
				COPY_PHASE_STRIP = NO;
				DEBUG_INFORMATION_FORMAT = dwarf;
				ENABLE_STRICT_OBJC_MSGSEND = YES;
				ENABLE_TESTABILITY = YES;
				ENABLE_USER_SCRIPT_SANDBOXING = YES;
				GCC_C_LANGUAGE_STANDARD = gnu17;
				GCC_DYNAMIC_NO_PIC = NO;
				GCC_NO_COMMON_BLOCKS = YES;
				GCC_OPTIMIZATION_LEVEL = 0;
				GCC_PREPROCESSOR_DEFINITIONS = (
					"DEBUG=1",
					"$(inherited)",
				);
				GCC_WARN_64_TO_32_BIT_CONVERSION = YES;
				GCC_WARN_ABOUT_RETURN_TYPE = YES_ERROR;
				GCC_WARN_UNDECLARED_SELECTOR = YES;
				GCC_WARN_UNINITIALIZED_AUTOS = YES_AGGRESSIVE;
				GCC_WARN_UNUSED_FUNCTION = YES;
				GCC_WARN_UNUSED_VARIABLE = YES;
				IPHONEOS_DEPLOYMENT_TARGET = 18.1;
				LOCALIZATION_PREFERS_STRING_CATALOGS = YES;
				MTL_ENABLE_DEBUG_INFO = INCLUDE_SOURCE;
				MTL_FAST_MATH = YES;
				ONLY_ACTIVE_ARCH = YES;
				SDKROOT = iphoneos;
				SWIFT_ACTIVE_COMPILATION_CONDITIONS = "DEBUG $(inherited)";
				SWIFT_OPTIMIZATION_LEVEL = "-Onone";
			};
			name = Debug;
		};
		AFB821D72D5E1CCE000C6ECC /* Release */ = {
			isa = XCBuildConfiguration;
			buildSettings = {
				ALWAYS_SEARCH_USER_PATHS = NO;
				ASSETCATALOG_COMPILER_GENERATE_SWIFT_ASSET_SYMBOL_EXTENSIONS = YES;
				CLANG_ANALYZER_NONNULL = YES;
				CLANG_ANALYZER_NUMBER_OBJECT_CONVERSION = YES_AGGRESSIVE;
				CLANG_CXX_LANGUAGE_STANDARD = "gnu++20";
				CLANG_ENABLE_MODULES = YES;
				CLANG_ENABLE_OBJC_ARC = YES;
				CLANG_ENABLE_OBJC_WEAK = YES;
				CLANG_WARN_BLOCK_CAPTURE_AUTORELEASING = YES;
				CLANG_WARN_BOOL_CONVERSION = YES;
				CLANG_WARN_COMMA = YES;
				CLANG_WARN_CONSTANT_CONVERSION = YES;
				CLANG_WARN_DEPRECATED_OBJC_IMPLEMENTATIONS = YES;
				CLANG_WARN_DIRECT_OBJC_ISA_USAGE = YES_ERROR;
				CLANG_WARN_DOCUMENTATION_COMMENTS = YES;
				CLANG_WARN_EMPTY_BODY = YES;
				CLANG_WARN_ENUM_CONVERSION = YES;
				CLANG_WARN_INFINITE_RECURSION = YES;
				CLANG_WARN_INT_CONVERSION = YES;
				CLANG_WARN_NON_LITERAL_NULL_CONVERSION = YES;
				CLANG_WARN_OBJC_IMPLICIT_RETAIN_SELF = YES;
				CLANG_WARN_OBJC_LITERAL_CONVERSION = YES;
				CLANG_WARN_OBJC_ROOT_CLASS = YES_ERROR;
				CLANG_WARN_QUOTED_INCLUDE_IN_FRAMEWORK_HEADER = YES;
				CLANG_WARN_RANGE_LOOP_ANALYSIS = YES;
				CLANG_WARN_STRICT_PROTOTYPES = YES;
				CLANG_WARN_SUSPICIOUS_MOVE = YES;
				CLANG_WARN_UNGUARDED_AVAILABILITY = YES_AGGRESSIVE;
				CLANG_WARN_UNREACHABLE_CODE = YES;
				CLANG_WARN__DUPLICATE_METHOD_MATCH = YES;
				COPY_PHASE_STRIP = NO;
				DEBUG_INFORMATION_FORMAT = "dwarf-with-dsym";
				ENABLE_NS_ASSERTIONS = NO;
				ENABLE_STRICT_OBJC_MSGSEND = YES;
				ENABLE_USER_SCRIPT_SANDBOXING = YES;
				GCC_C_LANGUAGE_STANDARD = gnu17;
				GCC_NO_COMMON_BLOCKS = YES;
				GCC_WARN_64_TO_32_BIT_CONVERSION = YES;
				GCC_WARN_ABOUT_RETURN_TYPE = YES_ERROR;
				GCC_WARN_UNDECLARED_SELECTOR = YES;
				GCC_WARN_UNINITIALIZED_AUTOS = YES_AGGRESSIVE;
				GCC_WARN_UNUSED_FUNCTION = YES;
				GCC_WARN_UNUSED_VARIABLE = YES;
				IPHONEOS_DEPLOYMENT_TARGET = 18.1;
				LOCALIZATION_PREFERS_STRING_CATALOGS = YES;
				MTL_ENABLE_DEBUG_INFO = NO;
				MTL_FAST_MATH = YES;
				SDKROOT = iphoneos;
				SWIFT_COMPILATION_MODE = wholemodule;
				VALIDATE_PRODUCT = YES;
			};
			name = Release;
		};
		AFB821D92D5E1CCE000C6ECC /* Debug */ = {
			isa = XCBuildConfiguration;
			buildSettings = {
				ASSETCATALOG_COMPILER_APPICON_NAME = AppIcon;
				ASSETCATALOG_COMPILER_GLOBAL_ACCENT_COLOR_NAME = AccentColor;
				CODE_SIGN_STYLE = Automatic;
				CURRENT_PROJECT_VERSION = 1;
				DEVELOPMENT_ASSET_PATHS = "\"PetTracker/Preview Content\"";
				ENABLE_PREVIEWS = YES;
				GENERATE_INFOPLIST_FILE = YES;
				INFOPLIST_KEY_UIApplicationSceneManifest_Generation = YES;
				INFOPLIST_KEY_UIApplicationSupportsIndirectInputEvents = YES;
				INFOPLIST_KEY_UILaunchScreen_Generation = YES;
				INFOPLIST_KEY_UISupportedInterfaceOrientations_iPad = "UIInterfaceOrientationPortrait UIInterfaceOrientationPortraitUpsideDown UIInterfaceOrientationLandscapeLeft UIInterfaceOrientationLandscapeRight";
				INFOPLIST_KEY_UISupportedInterfaceOrientations_iPhone = "UIInterfaceOrientationPortrait UIInterfaceOrientationLandscapeLeft UIInterfaceOrientationLandscapeRight";
				LD_RUNPATH_SEARCH_PATHS = (
					"$(inherited)",
					"@executable_path/Frameworks",
				);
				MARKETING_VERSION = 1.0;
				PRODUCT_BUNDLE_IDENTIFIER = com.jonesclass.bell.PetTracker;
				PRODUCT_NAME = "$(TARGET_NAME)";
				SWIFT_EMIT_LOC_STRINGS = YES;
				SWIFT_VERSION = 5.0;
				TARGETED_DEVICE_FAMILY = "1,2";
			};
			name = Debug;
		};
		AFB821DA2D5E1CCE000C6ECC /* Release */ = {
			isa = XCBuildConfiguration;
			buildSettings = {
				ASSETCATALOG_COMPILER_APPICON_NAME = AppIcon;
				ASSETCATALOG_COMPILER_GLOBAL_ACCENT_COLOR_NAME = AccentColor;
				CODE_SIGN_STYLE = Automatic;
				CURRENT_PROJECT_VERSION = 1;
				DEVELOPMENT_ASSET_PATHS = "\"PetTracker/Preview Content\"";
				ENABLE_PREVIEWS = YES;
				GENERATE_INFOPLIST_FILE = YES;
				INFOPLIST_KEY_UIApplicationSceneManifest_Generation = YES;
				INFOPLIST_KEY_UIApplicationSupportsIndirectInputEvents = YES;
				INFOPLIST_KEY_UILaunchScreen_Generation = YES;
				INFOPLIST_KEY_UISupportedInterfaceOrientations_iPad = "UIInterfaceOrientationPortrait UIInterfaceOrientationPortraitUpsideDown UIInterfaceOrientationLandscapeLeft UIInterfaceOrientationLandscapeRight";
				INFOPLIST_KEY_UISupportedInterfaceOrientations_iPhone = "UIInterfaceOrientationPortrait UIInterfaceOrientationLandscapeLeft UIInterfaceOrientationLandscapeRight";
				LD_RUNPATH_SEARCH_PATHS = (
					"$(inherited)",
					"@executable_path/Frameworks",
				);
				MARKETING_VERSION = 1.0;
				PRODUCT_BUNDLE_IDENTIFIER = com.jonesclass.bell.PetTracker;
				PRODUCT_NAME = "$(TARGET_NAME)";
				SWIFT_EMIT_LOC_STRINGS = YES;
				SWIFT_VERSION = 5.0;
				TARGETED_DEVICE_FAMILY = "1,2";
			};
			name = Release;
		};
		AFB821DC2D5E1CCE000C6ECC /* Debug */ = {
			isa = XCBuildConfiguration;
			buildSettings = {
				BUNDLE_LOADER = "$(TEST_HOST)";
				CODE_SIGN_STYLE = Automatic;
				CURRENT_PROJECT_VERSION = 1;
				GENERATE_INFOPLIST_FILE = YES;
				IPHONEOS_DEPLOYMENT_TARGET = 18.1;
				MARKETING_VERSION = 1.0;
				PRODUCT_BUNDLE_IDENTIFIER = com.jonesclass.bell.PetTrackerTests;
				PRODUCT_NAME = "$(TARGET_NAME)";
				SWIFT_EMIT_LOC_STRINGS = NO;
				SWIFT_VERSION = 5.0;
				TARGETED_DEVICE_FAMILY = "1,2";
				TEST_HOST = "$(BUILT_PRODUCTS_DIR)/PetTracker.app/$(BUNDLE_EXECUTABLE_FOLDER_PATH)/PetTracker";
			};
			name = Debug;
		};
		AFB821DD2D5E1CCE000C6ECC /* Release */ = {
			isa = XCBuildConfiguration;
			buildSettings = {
				BUNDLE_LOADER = "$(TEST_HOST)";
				CODE_SIGN_STYLE = Automatic;
				CURRENT_PROJECT_VERSION = 1;
				GENERATE_INFOPLIST_FILE = YES;
				IPHONEOS_DEPLOYMENT_TARGET = 18.1;
				MARKETING_VERSION = 1.0;
				PRODUCT_BUNDLE_IDENTIFIER = com.jonesclass.bell.PetTrackerTests;
				PRODUCT_NAME = "$(TARGET_NAME)";
				SWIFT_EMIT_LOC_STRINGS = NO;
				SWIFT_VERSION = 5.0;
				TARGETED_DEVICE_FAMILY = "1,2";
				TEST_HOST = "$(BUILT_PRODUCTS_DIR)/PetTracker.app/$(BUNDLE_EXECUTABLE_FOLDER_PATH)/PetTracker";
			};
			name = Release;
		};
		AFB821DF2D5E1CCE000C6ECC /* Debug */ = {
			isa = XCBuildConfiguration;
			buildSettings = {
				CODE_SIGN_STYLE = Automatic;
				CURRENT_PROJECT_VERSION = 1;
				GENERATE_INFOPLIST_FILE = YES;
				MARKETING_VERSION = 1.0;
				PRODUCT_BUNDLE_IDENTIFIER = com.jonesclass.bell.PetTrackerUITests;
				PRODUCT_NAME = "$(TARGET_NAME)";
				SWIFT_EMIT_LOC_STRINGS = NO;
				SWIFT_VERSION = 5.0;
				TARGETED_DEVICE_FAMILY = "1,2";
				TEST_TARGET_NAME = PetTracker;
			};
			name = Debug;
		};
		AFB821E02D5E1CCE000C6ECC /* Release */ = {
			isa = XCBuildConfiguration;
			buildSettings = {
				CODE_SIGN_STYLE = Automatic;
				CURRENT_PROJECT_VERSION = 1;
				GENERATE_INFOPLIST_FILE = YES;
				MARKETING_VERSION = 1.0;
				PRODUCT_BUNDLE_IDENTIFIER = com.jonesclass.bell.PetTrackerUITests;
				PRODUCT_NAME = "$(TARGET_NAME)";
				SWIFT_EMIT_LOC_STRINGS = NO;
				SWIFT_VERSION = 5.0;
				TARGETED_DEVICE_FAMILY = "1,2";
				TEST_TARGET_NAME = PetTracker;
			};
			name = Release;
		};
/* End XCBuildConfiguration section */

/* Begin XCConfigurationList section */
		AFB821AA2D5E1CC5000C6ECC /* Build configuration list for PBXProject "PetTracker" */ = {
			isa = XCConfigurationList;
			buildConfigurations = (
				AFB821D62D5E1CCE000C6ECC /* Debug */,
				AFB821D72D5E1CCE000C6ECC /* Release */,
			);
			defaultConfigurationIsVisible = 0;
			defaultConfigurationName = Release;
		};
		AFB821D82D5E1CCE000C6ECC /* Build configuration list for PBXNativeTarget "PetTracker" */ = {
			isa = XCConfigurationList;
			buildConfigurations = (
				AFB821D92D5E1CCE000C6ECC /* Debug */,
				AFB821DA2D5E1CCE000C6ECC /* Release */,
			);
			defaultConfigurationIsVisible = 0;
			defaultConfigurationName = Release;
		};
		AFB821DB2D5E1CCE000C6ECC /* Build configuration list for PBXNativeTarget "PetTrackerTests" */ = {
			isa = XCConfigurationList;
			buildConfigurations = (
				AFB821DC2D5E1CCE000C6ECC /* Debug */,
				AFB821DD2D5E1CCE000C6ECC /* Release */,
			);
			defaultConfigurationIsVisible = 0;
			defaultConfigurationName = Release;
		};
		AFB821DE2D5E1CCE000C6ECC /* Build configuration list for PBXNativeTarget "PetTrackerUITests" */ = {
			isa = XCConfigurationList;
			buildConfigurations = (
				AFB821DF2D5E1CCE000C6ECC /* Debug */,
				AFB821E02D5E1CCE000C6ECC /* Release */,
			);
			defaultConfigurationIsVisible = 0;
			defaultConfigurationName = Release;
		};
/* End XCConfigurationList section */
	};
	rootObject = AFB821A72D5E1CC5000C6ECC /* Project object */;
}
